// !$*UTF8*$!
{
	archiveVersion = 1;
	classes = {
	};
	objectVersion = 48;
	objects = {

/* Begin PBXBuildFile section */
		465BDD751FB7800B003C30AA /* AppDelegate.swift in Sources */ = {isa = PBXBuildFile; fileRef = 465BDD741FB7800B003C30AA /* AppDelegate.swift */; };
		465BDD771FB7800B003C30AA /* ViewController.swift in Sources */ = {isa = PBXBuildFile; fileRef = 465BDD761FB7800B003C30AA /* ViewController.swift */; };
		465BDD7A1FB7800B003C30AA /* Main.storyboard in Resources */ = {isa = PBXBuildFile; fileRef = 465BDD781FB7800B003C30AA /* Main.storyboard */; };
		465BDD7C1FB7800B003C30AA /* Assets.xcassets in Resources */ = {isa = PBXBuildFile; fileRef = 465BDD7B1FB7800B003C30AA /* Assets.xcassets */; };
		465BDD7F1FB7800B003C30AA /* LaunchScreen.storyboard in Resources */ = {isa = PBXBuildFile; fileRef = 465BDD7D1FB7800B003C30AA /* LaunchScreen.storyboard */; };
		465BDD8A1FB7800B003C30AA /* TumblerTests.swift in Sources */ = {isa = PBXBuildFile; fileRef = 465BDD891FB7800B003C30AA /* TumblerTests.swift */; };
		465BDD951FB7800B003C30AA /* TumblerUITests.swift in Sources */ = {isa = PBXBuildFile; fileRef = 465BDD941FB7800B003C30AA /* TumblerUITests.swift */; };
/* End PBXBuildFile section */

/* Begin PBXContainerItemProxy section */
		465BDD861FB7800B003C30AA /* PBXContainerItemProxy */ = {
			isa = PBXContainerItemProxy;
			containerPortal = 465BDD691FB7800A003C30AA /* Project object */;
			proxyType = 1;
			remoteGlobalIDString = 465BDD701FB7800A003C30AA;
			remoteInfo = Tumbler;
		};
		465BDD911FB7800B003C30AA /* PBXContainerItemProxy */ = {
			isa = PBXContainerItemProxy;
			containerPortal = 465BDD691FB7800A003C30AA /* Project object */;
			proxyType = 1;
			remoteGlobalIDString = 465BDD701FB7800A003C30AA;
			remoteInfo = Tumbler;
		};
/* End PBXContainerItemProxy section */

/* Begin PBXFileReference section */
		465BDD711FB7800A003C30AA /* Tumbler.app */ = {isa = PBXFileReference; explicitFileType = wrapper.application; includeInIndex = 0; path = Tumbler.app; sourceTree = BUILT_PRODUCTS_DIR; };
		465BDD741FB7800B003C30AA /* AppDelegate.swift */ = {isa = PBXFileReference; lastKnownFileType = sourcecode.swift; path = AppDelegate.swift; sourceTree = "<group>"; };
		465BDD761FB7800B003C30AA /* ViewController.swift */ = {isa = PBXFileReference; lastKnownFileType = sourcecode.swift; path = ViewController.swift; sourceTree = "<group>"; };
		465BDD791FB7800B003C30AA /* Base */ = {isa = PBXFileReference; lastKnownFileType = file.storyboard; name = Base; path = Base.lproj/Main.storyboard; sourceTree = "<group>"; };
		465BDD7B1FB7800B003C30AA /* Assets.xcassets */ = {isa = PBXFileReference; lastKnownFileType = folder.assetcatalog; path = Assets.xcassets; sourceTree = "<group>"; };
		465BDD7E1FB7800B003C30AA /* Base */ = {isa = PBXFileReference; lastKnownFileType = file.storyboard; name = Base; path = Base.lproj/LaunchScreen.storyboard; sourceTree = "<group>"; };
		465BDD801FB7800B003C30AA /* Info.plist */ = {isa = PBXFileReference; lastKnownFileType = text.plist.xml; path = Info.plist; sourceTree = "<group>"; };
		465BDD851FB7800B003C30AA /* TumblerTests.xctest */ = {isa = PBXFileReference; explicitFileType = wrapper.cfbundle; includeInIndex = 0; path = TumblerTests.xctest; sourceTree = BUILT_PRODUCTS_DIR; };
		465BDD891FB7800B003C30AA /* TumblerTests.swift */ = {isa = PBXFileReference; lastKnownFileType = sourcecode.swift; path = TumblerTests.swift; sourceTree = "<group>"; };
		465BDD8B1FB7800B003C30AA /* Info.plist */ = {isa = PBXFileReference; lastKnownFileType = text.plist.xml; path = Info.plist; sourceTree = "<group>"; };
		465BDD901FB7800B003C30AA /* TumblerUITests.xctest */ = {isa = PBXFileReference; explicitFileType = wrapper.cfbundle; includeInIndex = 0; path = TumblerUITests.xctest; sourceTree = BUILT_PRODUCTS_DIR; };
		465BDD941FB7800B003C30AA /* TumblerUITests.swift */ = {isa = PBXFileReference; lastKnownFileType = sourcecode.swift; path = TumblerUITests.swift; sourceTree = "<group>"; };
		465BDD961FB7800B003C30AA /* Info.plist */ = {isa = PBXFileReference; lastKnownFileType = text.plist.xml; path = Info.plist; sourceTree = "<group>"; };
/* End PBXFileReference section */

/* Begin PBXFrameworksBuildPhase section */
		465BDD6E1FB7800A003C30AA /* Frameworks */ = {
			isa = PBXFrameworksBuildPhase;
			buildActionMask = 2147483647;
			files = (
			);
			runOnlyForDeploymentPostprocessing = 0;
		};
		465BDD821FB7800B003C30AA /* Frameworks */ = {
			isa = PBXFrameworksBuildPhase;
			buildActionMask = 2147483647;
			files = (
			);
			runOnlyForDeploymentPostprocessing = 0;
		};
		465BDD8D1FB7800B003C30AA /* Frameworks */ = {
			isa = PBXFrameworksBuildPhase;
			buildActionMask = 2147483647;
			files = (
			);
			runOnlyForDeploymentPostprocessing = 0;
		};
/* End PBXFrameworksBuildPhase section */

/* Begin PBXGroup section */
		465BDD681FB7800A003C30AA = {
			isa = PBXGroup;
			children = (
				465BDD731FB7800A003C30AA /* Tumbler */,
				465BDD881FB7800B003C30AA /* TumblerTests */,
				465BDD931FB7800B003C30AA /* TumblerUITests */,
				465BDD721FB7800A003C30AA /* Products */,
			);
			sourceTree = "<group>";
		};
		465BDD721FB7800A003C30AA /* Products */ = {
			isa = PBXGroup;
			children = (
				465BDD711FB7800A003C30AA /* Tumbler.app */,
				465BDD851FB7800B003C30AA /* TumblerTests.xctest */,
				465BDD901FB7800B003C30AA /* TumblerUITests.xctest */,
			);
			name = Products;
			sourceTree = "<group>";
		};
		465BDD731FB7800A003C30AA /* Tumbler */ = {
			isa = PBXGroup;
			children = (
				465BDD741FB7800B003C30AA /* AppDelegate.swift */,
				465BDD761FB7800B003C30AA /* ViewController.swift */,
				465BDD781FB7800B003C30AA /* Main.storyboard */,
				465BDD7B1FB7800B003C30AA /* Assets.xcassets */,
				465BDD7D1FB7800B003C30AA /* LaunchScreen.storyboard */,
				465BDD801FB7800B003C30AA /* Info.plist */,
			);
			path = Tumbler;
			sourceTree = "<group>";
		};
		465BDD881FB7800B003C30AA /* TumblerTests */ = {
			isa = PBXGroup;
			children = (
				465BDD891FB7800B003C30AA /* TumblerTests.swift */,
				465BDD8B1FB7800B003C30AA /* Info.plist */,
			);
			path = TumblerTests;
			sourceTree = "<group>";
		};
		465BDD931FB7800B003C30AA /* TumblerUITests */ = {
			isa = PBXGroup;
			children = (
				465BDD941FB7800B003C30AA /* TumblerUITests.swift */,
				465BDD961FB7800B003C30AA /* Info.plist */,
			);
			path = TumblerUITests;
			sourceTree = "<group>";
		};
/* End PBXGroup section */

/* Begin PBXNativeTarget section */
		465BDD701FB7800A003C30AA /* Tumbler */ = {
			isa = PBXNativeTarget;
			buildConfigurationList = 465BDD991FB7800B003C30AA /* Build configuration list for PBXNativeTarget "Tumbler" */;
			buildPhases = (
				465BDD6D1FB7800A003C30AA /* Sources */,
				465BDD6E1FB7800A003C30AA /* Frameworks */,
				465BDD6F1FB7800A003C30AA /* Resources */,
			);
			buildRules = (
			);
			dependencies = (
			);
			name = Tumbler;
			productName = Tumbler;
			productReference = 465BDD711FB7800A003C30AA /* Tumbler.app */;
			productType = "com.apple.product-type.application";
		};
		465BDD841FB7800B003C30AA /* TumblerTests */ = {
			isa = PBXNativeTarget;
			buildConfigurationList = 465BDD9C1FB7800B003C30AA /* Build configuration list for PBXNativeTarget "TumblerTests" */;
			buildPhases = (
				465BDD811FB7800B003C30AA /* Sources */,
				465BDD821FB7800B003C30AA /* Frameworks */,
				465BDD831FB7800B003C30AA /* Resources */,
			);
			buildRules = (
			);
			dependencies = (
				465BDD871FB7800B003C30AA /* PBXTargetDependency */,
			);
			name = TumblerTests;
			productName = TumblerTests;
			productReference = 465BDD851FB7800B003C30AA /* TumblerTests.xctest */;
			productType = "com.apple.product-type.bundle.unit-test";
		};
		465BDD8F1FB7800B003C30AA /* TumblerUITests */ = {
			isa = PBXNativeTarget;
			buildConfigurationList = 465BDD9F1FB7800B003C30AA /* Build configuration list for PBXNativeTarget "TumblerUITests" */;
			buildPhases = (
				465BDD8C1FB7800B003C30AA /* Sources */,
				465BDD8D1FB7800B003C30AA /* Frameworks */,
				465BDD8E1FB7800B003C30AA /* Resources */,
			);
			buildRules = (
			);
			dependencies = (
				465BDD921FB7800B003C30AA /* PBXTargetDependency */,
			);
			name = TumblerUITests;
			productName = TumblerUITests;
			productReference = 465BDD901FB7800B003C30AA /* TumblerUITests.xctest */;
			productType = "com.apple.product-type.bundle.ui-testing";
		};
/* End PBXNativeTarget section */

/* Begin PBXProject section */
		465BDD691FB7800A003C30AA /* Project object */ = {
			isa = PBXProject;
			attributes = {
				LastSwiftUpdateCheck = 0910;
				LastUpgradeCheck = 0910;
				ORGANIZATIONNAME = "Youssef Elabd";
				TargetAttributes = {
					465BDD701FB7800A003C30AA = {
						CreatedOnToolsVersion = 9.1;
						ProvisioningStyle = Automatic;
					};
					465BDD841FB7800B003C30AA = {
						CreatedOnToolsVersion = 9.1;
						ProvisioningStyle = Automatic;
						TestTargetID = 465BDD701FB7800A003C30AA;
					};
					465BDD8F1FB7800B003C30AA = {
						CreatedOnToolsVersion = 9.1;
						ProvisioningStyle = Automatic;
						TestTargetID = 465BDD701FB7800A003C30AA;
					};
				};
			};
			buildConfigurationList = 465BDD6C1FB7800A003C30AA /* Build configuration list for PBXProject "Tumbler" */;
			compatibilityVersion = "Xcode 8.0";
			developmentRegion = en;
			hasScannedForEncodings = 0;
			knownRegions = (
				en,
				Base,
			);
			mainGroup = 465BDD681FB7800A003C30AA;
			productRefGroup = 465BDD721FB7800A003C30AA /* Products */;
			projectDirPath = "";
			projectRoot = "";
			targets = (
				465BDD701FB7800A003C30AA /* Tumbler */,
				465BDD841FB7800B003C30AA /* TumblerTests */,
				465BDD8F1FB7800B003C30AA /* TumblerUITests */,
			);
		};
/* End PBXProject section */

/* Begin PBXResourcesBuildPhase section */
		465BDD6F1FB7800A003C30AA /* Resources */ = {
			isa = PBXResourcesBuildPhase;
			buildActionMask = 2147483647;
			files = (
				465BDD7F1FB7800B003C30AA /* LaunchScreen.storyboard in Resources */,
				465BDD7C1FB7800B003C30AA /* Assets.xcassets in Resources */,
				465BDD7A1FB7800B003C30AA /* Main.storyboard in Resources */,
			);
			runOnlyForDeploymentPostprocessing = 0;
		};
		465BDD831FB7800B003C30AA /* Resources */ = {
			isa = PBXResourcesBuildPhase;
			buildActionMask = 2147483647;
			files = (
			);
			runOnlyForDeploymentPostprocessing = 0;
		};
		465BDD8E1FB7800B003C30AA /* Resources */ = {
			isa = PBXResourcesBuildPhase;
			buildActionMask = 2147483647;
			files = (
			);
			runOnlyForDeploymentPostprocessing = 0;
		};
/* End PBXResourcesBuildPhase section */

/* Begin PBXSourcesBuildPhase section */
		465BDD6D1FB7800A003C30AA /* Sources */ = {
			isa = PBXSourcesBuildPhase;
			buildActionMask = 2147483647;
			files = (
				465BDD771FB7800B003C30AA /* ViewController.swift in Sources */,
				465BDD751FB7800B003C30AA /* AppDelegate.swift in Sources */,
			);
			runOnlyForDeploymentPostprocessing = 0;
		};
		465BDD811FB7800B003C30AA /* Sources */ = {
			isa = PBXSourcesBuildPhase;
			buildActionMask = 2147483647;
			files = (
				465BDD8A1FB7800B003C30AA /* TumblerTests.swift in Sources */,
			);
			runOnlyForDeploymentPostprocessing = 0;
		};
		465BDD8C1FB7800B003C30AA /* Sources */ = {
			isa = PBXSourcesBuildPhase;
			buildActionMask = 2147483647;
			files = (
				465BDD951FB7800B003C30AA /* TumblerUITests.swift in Sources */,
			);
			runOnlyForDeploymentPostprocessing = 0;
		};
/* End PBXSourcesBuildPhase section */

/* Begin PBXTargetDependency section */
		465BDD871FB7800B003C30AA /* PBXTargetDependency */ = {
			isa = PBXTargetDependency;
			target = 465BDD701FB7800A003C30AA /* Tumbler */;
			targetProxy = 465BDD861FB7800B003C30AA /* PBXContainerItemProxy */;
		};
		465BDD921FB7800B003C30AA /* PBXTargetDependency */ = {
			isa = PBXTargetDependency;
			target = 465BDD701FB7800A003C30AA /* Tumbler */;
			targetProxy = 465BDD911FB7800B003C30AA /* PBXContainerItemProxy */;
		};
/* End PBXTargetDependency section */

/* Begin PBXVariantGroup section */
		465BDD781FB7800B003C30AA /* Main.storyboard */ = {
			isa = PBXVariantGroup;
			children = (
				465BDD791FB7800B003C30AA /* Base */,
			);
			name = Main.storyboard;
			sourceTree = "<group>";
		};
		465BDD7D1FB7800B003C30AA /* LaunchScreen.storyboard */ = {
			isa = PBXVariantGroup;
			children = (
				465BDD7E1FB7800B003C30AA /* Base */,
			);
			name = LaunchScreen.storyboard;
			sourceTree = "<group>";
		};
/* End PBXVariantGroup section */

/* Begin XCBuildConfiguration section */
		465BDD971FB7800B003C30AA /* Debug */ = {
			isa = XCBuildConfiguration;
			buildSettings = {
				ALWAYS_SEARCH_USER_PATHS = NO;
				CLANG_ANALYZER_NONNULL = YES;
				CLANG_ANALYZER_NUMBER_OBJECT_CONVERSION = YES_AGGRESSIVE;
				CLANG_CXX_LANGUAGE_STANDARD = "gnu++14";
				CLANG_CXX_LIBRARY = "libc++";
				CLANG_ENABLE_MODULES = YES;
				CLANG_ENABLE_OBJC_ARC = YES;
				CLANG_WARN_BLOCK_CAPTURE_AUTORELEASING = YES;
				CLANG_WARN_BOOL_CONVERSION = YES;
				CLANG_WARN_COMMA = YES;
				CLANG_WARN_CONSTANT_CONVERSION = YES;
				CLANG_WARN_DIRECT_OBJC_ISA_USAGE = YES_ERROR;
				CLANG_WARN_DOCUMENTATION_COMMENTS = YES;
				CLANG_WARN_EMPTY_BODY = YES;
				CLANG_WARN_ENUM_CONVERSION = YES;
				CLANG_WARN_INFINITE_RECURSION = YES;
				CLANG_WARN_INT_CONVERSION = YES;
				CLANG_WARN_NON_LITERAL_NULL_CONVERSION = YES;
				CLANG_WARN_OBJC_LITERAL_CONVERSION = YES;
				CLANG_WARN_OBJC_ROOT_CLASS = YES_ERROR;
				CLANG_WARN_RANGE_LOOP_ANALYSIS = YES;
				CLANG_WARN_STRICT_PROTOTYPES = YES;
				CLANG_WARN_SUSPICIOUS_MOVE = YES;
				CLANG_WARN_UNGUARDED_AVAILABILITY = YES_AGGRESSIVE;
				CLANG_WARN_UNREACHABLE_CODE = YES;
				CLANG_WARN__DUPLICATE_METHOD_MATCH = YES;
				CODE_SIGN_IDENTITY = "iPhone Developer";
				COPY_PHASE_STRIP = NO;
				DEBUG_INFORMATION_FORMAT = dwarf;
				ENABLE_STRICT_OBJC_MSGSEND = YES;
				ENABLE_TESTABILITY = YES;
				GCC_C_LANGUAGE_STANDARD = gnu11;
				GCC_DYNAMIC_NO_PIC = NO;
				GCC_NO_COMMON_BLOCKS = YES;
				GCC_OPTIMIZATION_LEVEL = 0;
				GCC_PREPROCESSOR_DEFINITIONS = (
					"DEBUG=1",
					"$(inherited)",
				);
				GCC_WARN_64_TO_32_BIT_CONVERSION = YES;
				GCC_WARN_ABOUT_RETURN_TYPE = YES_ERROR;
				GCC_WARN_UNDECLARED_SELECTOR = YES;
				GCC_WARN_UNINITIALIZED_AUTOS = YES_AGGRESSIVE;
				GCC_WARN_UNUSED_FUNCTION = YES;
				GCC_WARN_UNUSED_VARIABLE = YES;
				IPHONEOS_DEPLOYMENT_TARGET = 11.1;
				MTL_ENABLE_DEBUG_INFO = YES;
				ONLY_ACTIVE_ARCH = YES;
				SDKROOT = iphoneos;
				SWIFT_ACTIVE_COMPILATION_CONDITIONS = DEBUG;
				SWIFT_OPTIMIZATION_LEVEL = "-Onone";
			};
			name = Debug;
		};
		465BDD981FB7800B003C30AA /* Release */ = {
			isa = XCBuildConfiguration;
			buildSettings = {
				ALWAYS_SEARCH_USER_PATHS = NO;
				CLANG_ANALYZER_NONNULL = YES;
				CLANG_ANALYZER_NUMBER_OBJECT_CONVERSION = YES_AGGRESSIVE;
				CLANG_CXX_LANGUAGE_STANDARD = "gnu++14";
				CLANG_CXX_LIBRARY = "libc++";
				CLANG_ENABLE_MODULES = YES;
				CLANG_ENABLE_OBJC_ARC = YES;
				CLANG_WARN_BLOCK_CAPTURE_AUTORELEASING = YES;
				CLANG_WARN_BOOL_CONVERSION = YES;
				CLANG_WARN_COMMA = YES;
				CLANG_WARN_CONSTANT_CONVERSION = YES;
				CLANG_WARN_DIRECT_OBJC_ISA_USAGE = YES_ERROR;
				CLANG_WARN_DOCUMENTATION_COMMENTS = YES;
				CLANG_WARN_EMPTY_BODY = YES;
				CLANG_WARN_ENUM_CONVERSION = YES;
				CLANG_WARN_INFINITE_RECURSION = YES;
				CLANG_WARN_INT_CONVERSION = YES;
				CLANG_WARN_NON_LITERAL_NULL_CONVERSION = YES;
				CLANG_WARN_OBJC_LITERAL_CONVERSION = YES;
				CLANG_WARN_OBJC_ROOT_CLASS = YES_ERROR;
				CLANG_WARN_RANGE_LOOP_ANALYSIS = YES;
				CLANG_WARN_STRICT_PROTOTYPES = YES;
				CLANG_WARN_SUSPICIOUS_MOVE = YES;
				CLANG_WARN_UNGUARDED_AVAILABILITY = YES_AGGRESSIVE;
				CLANG_WARN_UNREACHABLE_CODE = YES;
				CLANG_WARN__DUPLICATE_METHOD_MATCH = YES;
				CODE_SIGN_IDENTITY = "iPhone Developer";
				COPY_PHASE_STRIP = NO;
				DEBUG_INFORMATION_FORMAT = "dwarf-with-dsym";
				ENABLE_NS_ASSERTIONS = NO;
				ENABLE_STRICT_OBJC_MSGSEND = YES;
				GCC_C_LANGUAGE_STANDARD = gnu11;
				GCC_NO_COMMON_BLOCKS = YES;
				GCC_WARN_64_TO_32_BIT_CONVERSION = YES;
				GCC_WARN_ABOUT_RETURN_TYPE = YES_ERROR;
				GCC_WARN_UNDECLARED_SELECTOR = YES;
				GCC_WARN_UNINITIALIZED_AUTOS = YES_AGGRESSIVE;
				GCC_WARN_UNUSED_FUNCTION = YES;
				GCC_WARN_UNUSED_VARIABLE = YES;
				IPHONEOS_DEPLOYMENT_TARGET = 11.1;
				MTL_ENABLE_DEBUG_INFO = NO;
				SDKROOT = iphoneos;
				SWIFT_OPTIMIZATION_LEVEL = "-Owholemodule";
				VALIDATE_PRODUCT = YES;
			};
			name = Release;
		};
		465BDD9A1FB7800B003C30AA /* Debug */ = {
			isa = XCBuildConfiguration;
			buildSettings = {
				ASSETCATALOG_COMPILER_APPICON_NAME = AppIcon;
				CODE_SIGN_STYLE = Automatic;
				DEVELOPMENT_TEAM = 947H8H8XTC;
				INFOPLIST_FILE = Tumbler/Info.plist;
				LD_RUNPATH_SEARCH_PATHS = "$(inherited) @executable_path/Frameworks";
				PRODUCT_BUNDLE_IDENTIFIER = youssef.Tumbler;
				PRODUCT_NAME = "$(TARGET_NAME)";
				SWIFT_VERSION = 4.0;
				TARGETED_DEVICE_FAMILY = "1,2";
			};
			name = Debug;
		};
		465BDD9B1FB7800B003C30AA /* Release */ = {
			isa = XCBuildConfiguration;
			buildSettings = {
				ASSETCATALOG_COMPILER_APPICON_NAME = AppIcon;
				CODE_SIGN_STYLE = Automatic;
				DEVELOPMENT_TEAM = 947H8H8XTC;
				INFOPLIST_FILE = Tumbler/Info.plist;
				LD_RUNPATH_SEARCH_PATHS = "$(inherited) @executable_path/Frameworks";
				PRODUCT_BUNDLE_IDENTIFIER = youssef.Tumbler;
				PRODUCT_NAME = "$(TARGET_NAME)";
				SWIFT_VERSION = 4.0;
				TARGETED_DEVICE_FAMILY = "1,2";
			};
			name = Release;
		};
		465BDD9D1FB7800B003C30AA /* Debug */ = {
			isa = XCBuildConfiguration;
			buildSettings = {
				ALWAYS_EMBED_SWIFT_STANDARD_LIBRARIES = YES;
				BUNDLE_LOADER = "$(TEST_HOST)";
				CODE_SIGN_STYLE = Automatic;
				DEVELOPMENT_TEAM = 947H8H8XTC;
				INFOPLIST_FILE = TumblerTests/Info.plist;
				LD_RUNPATH_SEARCH_PATHS = "$(inherited) @executable_path/Frameworks @loader_path/Frameworks";
				PRODUCT_BUNDLE_IDENTIFIER = youssef.TumblerTests;
				PRODUCT_NAME = "$(TARGET_NAME)";
				SWIFT_VERSION = 4.0;
				TARGETED_DEVICE_FAMILY = "1,2";
				TEST_HOST = "$(BUILT_PRODUCTS_DIR)/Tumbler.app/Tumbler";
			};
			name = Debug;
		};
		465BDD9E1FB7800B003C30AA /* Release */ = {
			isa = XCBuildConfiguration;
			buildSettings = {
				ALWAYS_EMBED_SWIFT_STANDARD_LIBRARIES = YES;
				BUNDLE_LOADER = "$(TEST_HOST)";
				CODE_SIGN_STYLE = Automatic;
				DEVELOPMENT_TEAM = 947H8H8XTC;
				INFOPLIST_FILE = TumblerTests/Info.plist;
				LD_RUNPATH_SEARCH_PATHS = "$(inherited) @executable_path/Frameworks @loader_path/Frameworks";
				PRODUCT_BUNDLE_IDENTIFIER = youssef.TumblerTests;
				PRODUCT_NAME = "$(TARGET_NAME)";
				SWIFT_VERSION = 4.0;
				TARGETED_DEVICE_FAMILY = "1,2";
				TEST_HOST = "$(BUILT_PRODUCTS_DIR)/Tumbler.app/Tumbler";
			};
			name = Release;
		};
		465BDDA01FB7800B003C30AA /* Debug */ = {
			isa = XCBuildConfiguration;
			buildSettings = {
				ALWAYS_EMBED_SWIFT_STANDARD_LIBRARIES = YES;
				CODE_SIGN_STYLE = Automatic;
				DEVELOPMENT_TEAM = 947H8H8XTC;
				INFOPLIST_FILE = TumblerUITests/Info.plist;
				LD_RUNPATH_SEARCH_PATHS = "$(inherited) @executable_path/Frameworks @loader_path/Frameworks";
				PRODUCT_BUNDLE_IDENTIFIER = youssef.TumblerUITests;
				PRODUCT_NAME = "$(TARGET_NAME)";
				SWIFT_VERSION = 4.0;
				TARGETED_DEVICE_FAMILY = "1,2";
				TEST_TARGET_NAME = Tumbler;
			};
			name = Debug;
		};
		465BDDA11FB7800B003C30AA /* Release */ = {
			isa = XCBuildConfiguration;
			buildSettings = {
				ALWAYS_EMBED_SWIFT_STANDARD_LIBRARIES = YES;
				CODE_SIGN_STYLE = Automatic;
				DEVELOPMENT_TEAM = 947H8H8XTC;
				INFOPLIST_FILE = TumblerUITests/Info.plist;
				LD_RUNPATH_SEARCH_PATHS = "$(inherited) @executable_path/Frameworks @loader_path/Frameworks";
				PRODUCT_BUNDLE_IDENTIFIER = youssef.TumblerUITests;
				PRODUCT_NAME = "$(TARGET_NAME)";
				SWIFT_VERSION = 4.0;
				TARGETED_DEVICE_FAMILY = "1,2";
				TEST_TARGET_NAME = Tumbler;
			};
			name = Release;
		};
/* End XCBuildConfiguration section */

/* Begin XCConfigurationList section */
		465BDD6C1FB7800A003C30AA /* Build configuration list for PBXProject "Tumbler" */ = {
			isa = XCConfigurationList;
			buildConfigurations = (
				465BDD971FB7800B003C30AA /* Debug */,
				465BDD981FB7800B003C30AA /* Release */,
			);
			defaultConfigurationIsVisible = 0;
			defaultConfigurationName = Release;
		};
		465BDD991FB7800B003C30AA /* Build configuration list for PBXNativeTarget "Tumbler" */ = {
			isa = XCConfigurationList;
			buildConfigurations = (
				465BDD9A1FB7800B003C30AA /* Debug */,
				465BDD9B1FB7800B003C30AA /* Release */,
			);
			defaultConfigurationIsVisible = 0;
			defaultConfigurationName = Release;
		};
		465BDD9C1FB7800B003C30AA /* Build configuration list for PBXNativeTarget "TumblerTests" */ = {
			isa = XCConfigurationList;
			buildConfigurations = (
				465BDD9D1FB7800B003C30AA /* Debug */,
				465BDD9E1FB7800B003C30AA /* Release */,
			);
			defaultConfigurationIsVisible = 0;
			defaultConfigurationName = Release;
		};
		465BDD9F1FB7800B003C30AA /* Build configuration list for PBXNativeTarget "TumblerUITests" */ = {
			isa = XCConfigurationList;
			buildConfigurations = (
				465BDDA01FB7800B003C30AA /* Debug */,
				465BDDA11FB7800B003C30AA /* Release */,
			);
			defaultConfigurationIsVisible = 0;
			defaultConfigurationName = Release;
		};
/* End XCConfigurationList section */
	};
	rootObject = 465BDD691FB7800A003C30AA /* Project object */;
}
